// !$*UTF8*$!
{
	archiveVersion = 1;
	classes = {
	};
	objectVersion = 46;
	objects = {

/* Begin PBXBuildFile section */
		48DD58F51C8EE16900E94267 /* main.m in Sources */ = {isa = PBXBuildFile; fileRef = 48DD58F41C8EE16900E94267 /* main.m */; };
		48DD58FD1C8EE18600E94267 /* DownloadTask.m in Sources */ = {isa = PBXBuildFile; fileRef = 48DD58FC1C8EE18600E94267 /* DownloadTask.m */; };
/* End PBXBuildFile section */

/* Begin PBXCopyFilesBuildPhase section */
		48DD58EF1C8EE16900E94267 /* CopyFiles */ = {
			isa = PBXCopyFilesBuildPhase;
			buildActionMask = 2147483647;
			dstPath = /usr/share/man/man1/;
			dstSubfolderSpec = 0;
			files = (
			);
			runOnlyForDeploymentPostprocessing = 1;
		};
/* End PBXCopyFilesBuildPhase section */

/* Begin PBXFileReference section */
		48DD58F11C8EE16900E94267 /* ObjectEqualFeature */ = {isa = PBXFileReference; explicitFileType = "compiled.mach-o.executable"; includeInIndex = 0; path = ObjectEqualFeature; sourceTree = BUILT_PRODUCTS_DIR; };
		48DD58F41C8EE16900E94267 /* main.m */ = {isa = PBXFileReference; lastKnownFileType = sourcecode.c.objc; path = main.m; sourceTree = "<group>"; };
		48DD58FB1C8EE18600E94267 /* DownloadTask.h */ = {isa = PBXFileReference; fileEncoding = 4; lastKnownFileType = sourcecode.c.h; path = DownloadTask.h; sourceTree = "<group>"; };
		48DD58FC1C8EE18600E94267 /* DownloadTask.m */ = {isa = PBXFileReference; fileEncoding = 4; lastKnownFileType = sourcecode.c.objc; path = DownloadTask.m; sourceTree = "<group>"; };
/* End PBXFileReference section */

/* Begin PBXFrameworksBuildPhase section */
		48DD58EE1C8EE16900E94267 /* Frameworks */ = {
			isa = PBXFrameworksBuildPhase;
			buildActionMask = 2147483647;
			files = (
			);
			runOnlyForDeploymentPostprocessing = 0;
		};
/* End PBXFrameworksBuildPhase section */

/* Begin PBXGroup section */
		48DD58E81C8EE16900E94267 = {
			isa = PBXGroup;
			children = (
				48DD58F31C8EE16900E94267 /* ObjectEqualFeature */,
				48DD58F21C8EE16900E94267 /* Products */,
			);
			sourceTree = "<group>";
		};
		48DD58F21C8EE16900E94267 /* Products */ = {
			isa = PBXGroup;
			children = (
				48DD58F11C8EE16900E94267 /* ObjectEqualFeature */,
			);
			name = Products;
			sourceTree = "<group>";
		};
		48DD58F31C8EE16900E94267 /* ObjectEqualFeature */ = {
			isa = PBXGroup;
			children = (
				48DD58F41C8EE16900E94267 /* main.m */,
				48DD58FB1C8EE18600E94267 /* DownloadTask.h */,
				48DD58FC1C8EE18600E94267 /* DownloadTask.m */,
			);
			path = ObjectEqualFeature;
			sourceTree = "<group>";
		};
/* End PBXGroup section */

/* Begin PBXNativeTarget section */
		48DD58F01C8EE16900E94267 /* ObjectEqualFeature */ = {
			isa = PBXNativeTarget;
			buildConfigurationList = 48DD58F81C8EE16900E94267 /* Build configuration list for PBXNativeTarget "ObjectEqualFeature" */;
			buildPhases = (
				48DD58ED1C8EE16900E94267 /* Sources */,
				48DD58EE1C8EE16900E94267 /* Frameworks */,
				48DD58EF1C8EE16900E94267 /* CopyFiles */,
			);
			buildRules = (
			);
			dependencies = (
			);
			name = ObjectEqualFeature;
			productName = ObjectEqualFeature;
			productReference = 48DD58F11C8EE16900E94267 /* ObjectEqualFeature */;
			productType = "com.apple.product-type.tool";
		};
/* End PBXNativeTarget section */

/* Begin PBXProject section */
		48DD58E91C8EE16900E94267 /* Project object */ = {
			isa = PBXProject;
			attributes = {
				LastUpgradeCheck = 0720;
				ORGANIZATIONNAME = qianlongxu;
				TargetAttributes = {
					48DD58F01C8EE16900E94267 = {
						CreatedOnToolsVersion = 7.2;
					};
				};
			};
			buildConfigurationList = 48DD58EC1C8EE16900E94267 /* Build configuration list for PBXProject "ObjectEqualFeature" */;
			compatibilityVersion = "Xcode 3.2";
			developmentRegion = English;
			hasScannedForEncodings = 0;
			knownRegions = (
				en,
			);
			mainGroup = 48DD58E81C8EE16900E94267;
			productRefGroup = 48DD58F21C8EE16900E94267 /* Products */;
			projectDirPath = "";
			projectRoot = "";
			targets = (
				48DD58F01C8EE16900E94267 /* ObjectEqualFeature */,
			);
		};
/* End PBXProject section */

/* Begin PBXSourcesBuildPhase section */
		48DD58ED1C8EE16900E94267 /* Sources */ = {
			isa = PBXSourcesBuildPhase;
			buildActionMask = 2147483647;
			files = (
				48DD58FD1C8EE18600E94267 /* DownloadTask.m in Sources */,
				48DD58F51C8EE16900E94267 /* main.m in Sources */,
			);
			runOnlyForDeploymentPostprocessing = 0;
		};
/* End PBXSourcesBuildPhase section */

/* Begin XCBuildConfiguration section */
		48DD58F61C8EE16900E94267 /* Debug */ = {
			isa = XCBuildConfiguration;
			buildSettings = {
				ALWAYS_SEARCH_USER_PATHS = NO;
				CLANG_CXX_LANGUAGE_STANDARD = "gnu++0x";
				CLANG_CXX_LIBRARY = "libc++";
				CLANG_ENABLE_MODULES = YES;
				CLANG_ENABLE_OBJC_ARC = YES;
				CLANG_WARN_BOOL_CONVERSION = YES;
				CLANG_WARN_CONSTANT_CONVERSION = YES;
				CLANG_WARN_DIRECT_OBJC_ISA_USAGE = YES_ERROR;
				CLANG_WARN_EMPTY_BODY = YES;
				CLANG_WARN_ENUM_CONVERSION = YES;
				CLANG_WARN_INT_CONVERSION = YES;
				CLANG_WARN_OBJC_ROOT_CLASS = YES_ERROR;
				CLANG_WARN_UNREACHABLE_CODE = YES;
				CLANG_WARN__DUPLICATE_METHOD_MATCH = YES;
				CODE_SIGN_IDENTITY = "-";
				COPY_PHASE_STRIP = NO;
				DEBUG_INFORMATION_FORMAT = dwarf;
				ENABLE_STRICT_OBJC_MSGSEND = YES;
				ENABLE_TESTABILITY = YES;
				GCC_C_LANGUAGE_STANDARD = gnu99;
				GCC_DYNAMIC_NO_PIC = NO;
				GCC_NO_COMMON_BLOCKS = YES;
				GCC_OPTIMIZATION_LEVEL = 0;
				GCC_PREPROCESSOR_DEFINITIONS = (
					"DEBUG=1",
					"$(inherited)",
				);
				GCC_WARN_64_TO_32_BIT_CONVERSION = YES;
				GCC_WARN_ABOUT_RETURN_TYPE = YES_ERROR;
				GCC_WARN_UNDECLARED_SELECTOR = YES;
				GCC_WARN_UNINITIALIZED_AUTOS = YES_AGGRESSIVE;
				GCC_WARN_UNUSED_FUNCTION = YES;
				GCC_WARN_UNUSED_VARIABLE = YES;
				MACOSX_DEPLOYMENT_TARGET = 10.10;
				MTL_ENABLE_DEBUG_INFO = YES;
				ONLY_ACTIVE_ARCH = YES;
				SDKROOT = macosx;
			};
			name = Debug;
		};
		48DD58F71C8EE16900E94267 /* Release */ = {
			isa = XCBuildConfiguration;
			buildSettings = {
				ALWAYS_SEARCH_USER_PATHS = NO;
				CLANG_CXX_LANGUAGE_STANDARD = "gnu++0x";
				CLANG_CXX_LIBRARY = "libc++";
				CLANG_ENABLE_MODULES = YES;
				CLANG_ENABLE_OBJC_ARC = YES;
				CLANG_WARN_BOOL_CONVERSION = YES;
				CLANG_WARN_CONSTANT_CONVERSION = YES;
				CLANG_WARN_DIRECT_OBJC_ISA_USAGE = YES_ERROR;
				CLANG_WARN_EMPTY_BODY = YES;
				CLANG_WARN_ENUM_CONVERSION = YES;
				CLANG_WARN_INT_CONVERSION = YES;
				CLANG_WARN_OBJC_ROOT_CLASS = YES_ERROR;
				CLANG_WARN_UNREACHABLE_CODE = YES;
				CLANG_WARN__DUPLICATE_METHOD_MATCH = YES;
				CODE_SIGN_IDENTITY = "-";
				COPY_PHASE_STRIP = NO;
				DEBUG_INFORMATION_FORMAT = "dwarf-with-dsym";
				ENABLE_NS_ASSERTIONS = NO;
				ENABLE_STRICT_OBJC_MSGSEND = YES;
				GCC_C_LANGUAGE_STANDARD = gnu99;
				GCC_NO_COMMON_BLOCKS = YES;
				GCC_WARN_64_TO_32_BIT_CONVERSION = YES;
				GCC_WARN_ABOUT_RETURN_TYPE = YES_ERROR;
				GCC_WARN_UNDECLARED_SELECTOR = YES;
				GCC_WARN_UNINITIALIZED_AUTOS = YES_AGGRESSIVE;
				GCC_WARN_UNUSED_FUNCTION = YES;
				GCC_WARN_UNUSED_VARIABLE = YES;
				MACOSX_DEPLOYMENT_TARGET = 10.10;
				MTL_ENABLE_DEBUG_INFO = NO;
				SDKROOT = macosx;
			};
			name = Release;
		};
		48DD58F91C8EE16900E94267 /* Debug */ = {
			isa = XCBuildConfiguration;
			buildSettings = {
				PRODUCT_NAME = "$(TARGET_NAME)";
			};
			name = Debug;
		};
		48DD58FA1C8EE16900E94267 /* Release */ = {
			isa = XCBuildConfiguration;
			buildSettings = {
				PRODUCT_NAME = "$(TARGET_NAME)";
			};
			name = Release;
		};
/* End XCBuildConfiguration section */

/* Begin XCConfigurationList section */
		48DD58EC1C8EE16900E94267 /* Build configuration list for PBXProject "ObjectEqualFeature" */ = {
			isa = XCConfigurationList;
			buildConfigurations = (
				48DD58F61C8EE16900E94267 /* Debug */,
				48DD58F71C8EE16900E94267 /* Release */,
			);
			defaultConfigurationIsVisible = 0;
			defaultConfigurationName = Release;
		};
		48DD58F81C8EE16900E94267 /* Build configuration list for PBXNativeTarget "ObjectEqualFeature" */ = {
			isa = XCConfigurationList;
			buildConfigurations = (
				48DD58F91C8EE16900E94267 /* Debug */,
				48DD58FA1C8EE16900E94267 /* Release */,
			);
			defaultConfigurationIsVisible = 0;
		};
/* End XCConfigurationList section */
	};
	rootObject = 48DD58E91C8EE16900E94267 /* Project object */;
}
